// !$*UTF8*$!
{
	archiveVersion = 1;
	classes = {
	};
	objectVersion = 46;
	objects = {

/* Begin PBXBuildFile section */
		861E8E241F0A1A9C00CED419 /* AppDelegate.swift in Sources */ = {isa = PBXBuildFile; fileRef = 861E8E231F0A1A9C00CED419 /* AppDelegate.swift */; };
		861E8E261F0A1A9C00CED419 /* ViewController.swift in Sources */ = {isa = PBXBuildFile; fileRef = 861E8E251F0A1A9C00CED419 /* ViewController.swift */; };
		861E8E291F0A1A9C00CED419 /* Main.storyboard in Resources */ = {isa = PBXBuildFile; fileRef = 861E8E271F0A1A9C00CED419 /* Main.storyboard */; };
		861E8E2B1F0A1A9C00CED419 /* Assets.xcassets in Resources */ = {isa = PBXBuildFile; fileRef = 861E8E2A1F0A1A9C00CED419 /* Assets.xcassets */; };
		861E8E2E1F0A1A9C00CED419 /* LaunchScreen.storyboard in Resources */ = {isa = PBXBuildFile; fileRef = 861E8E2C1F0A1A9C00CED419 /* LaunchScreen.storyboard */; };
		861E8E391F0A1A9C00CED419 /* TimerTests.swift in Sources */ = {isa = PBXBuildFile; fileRef = 861E8E381F0A1A9C00CED419 /* TimerTests.swift */; };
		861E8E441F0A1AC300CED419 /* Timer.swift in Sources */ = {isa = PBXBuildFile; fileRef = 861E8E431F0A1AC300CED419 /* Timer.swift */; };
		861E8E461F0A1D4400CED419 /* DemoController.swift in Sources */ = {isa = PBXBuildFile; fileRef = 861E8E451F0A1D4400CED419 /* DemoController.swift */; };
/* End PBXBuildFile section */

/* Begin PBXContainerItemProxy section */
		861E8E351F0A1A9C00CED419 /* PBXContainerItemProxy */ = {
			isa = PBXContainerItemProxy;
			containerPortal = 861E8E181F0A1A9C00CED419 /* Project object */;
			proxyType = 1;
			remoteGlobalIDString = 861E8E1F1F0A1A9C00CED419;
			remoteInfo = Timer;
		};
/* End PBXContainerItemProxy section */

/* Begin PBXFileReference section */
		861E8E201F0A1A9C00CED419 /* Timer.app */ = {isa = PBXFileReference; explicitFileType = wrapper.application; includeInIndex = 0; path = Timer.app; sourceTree = BUILT_PRODUCTS_DIR; };
		861E8E231F0A1A9C00CED419 /* AppDelegate.swift */ = {isa = PBXFileReference; lastKnownFileType = sourcecode.swift; path = AppDelegate.swift; sourceTree = "<group>"; };
		861E8E251F0A1A9C00CED419 /* ViewController.swift */ = {isa = PBXFileReference; lastKnownFileType = sourcecode.swift; path = ViewController.swift; sourceTree = "<group>"; };
		861E8E281F0A1A9C00CED419 /* Base */ = {isa = PBXFileReference; lastKnownFileType = file.storyboard; name = Base; path = Base.lproj/Main.storyboard; sourceTree = "<group>"; };
		861E8E2A1F0A1A9C00CED419 /* Assets.xcassets */ = {isa = PBXFileReference; lastKnownFileType = folder.assetcatalog; path = Assets.xcassets; sourceTree = "<group>"; };
		861E8E2D1F0A1A9C00CED419 /* Base */ = {isa = PBXFileReference; lastKnownFileType = file.storyboard; name = Base; path = Base.lproj/LaunchScreen.storyboard; sourceTree = "<group>"; };
		861E8E2F1F0A1A9C00CED419 /* Info.plist */ = {isa = PBXFileReference; lastKnownFileType = text.plist.xml; path = Info.plist; sourceTree = "<group>"; };
		861E8E341F0A1A9C00CED419 /* TimerTests.xctest */ = {isa = PBXFileReference; explicitFileType = wrapper.cfbundle; includeInIndex = 0; path = TimerTests.xctest; sourceTree = BUILT_PRODUCTS_DIR; };
		861E8E381F0A1A9C00CED419 /* TimerTests.swift */ = {isa = PBXFileReference; lastKnownFileType = sourcecode.swift; path = TimerTests.swift; sourceTree = "<group>"; };
		861E8E3A1F0A1A9C00CED419 /* Info.plist */ = {isa = PBXFileReference; lastKnownFileType = text.plist.xml; path = Info.plist; sourceTree = "<group>"; };
		861E8E431F0A1AC300CED419 /* Timer.swift */ = {isa = PBXFileReference; fileEncoding = 4; lastKnownFileType = sourcecode.swift; path = Timer.swift; sourceTree = "<group>"; };
		861E8E451F0A1D4400CED419 /* DemoController.swift */ = {isa = PBXFileReference; fileEncoding = 4; lastKnownFileType = sourcecode.swift; path = DemoController.swift; sourceTree = "<group>"; };
/* End PBXFileReference section */

/* Begin PBXFrameworksBuildPhase section */
		861E8E1D1F0A1A9C00CED419 /* Frameworks */ = {
			isa = PBXFrameworksBuildPhase;
			buildActionMask = 2147483647;
			files = (
			);
			runOnlyForDeploymentPostprocessing = 0;
		};
		861E8E311F0A1A9C00CED419 /* Frameworks */ = {
			isa = PBXFrameworksBuildPhase;
			buildActionMask = 2147483647;
			files = (
			);
			runOnlyForDeploymentPostprocessing = 0;
		};
/* End PBXFrameworksBuildPhase section */

/* Begin PBXGroup section */
		861E8E171F0A1A9C00CED419 = {
			isa = PBXGroup;
			children = (
				861E8E221F0A1A9C00CED419 /* Timer */,
				861E8E371F0A1A9C00CED419 /* TimerTests */,
				861E8E211F0A1A9C00CED419 /* Products */,
			);
			sourceTree = "<group>";
		};
		861E8E211F0A1A9C00CED419 /* Products */ = {
			isa = PBXGroup;
			children = (
				861E8E201F0A1A9C00CED419 /* Timer.app */,
				861E8E341F0A1A9C00CED419 /* TimerTests.xctest */,
			);
			name = Products;
			sourceTree = "<group>";
		};
		861E8E221F0A1A9C00CED419 /* Timer */ = {
			isa = PBXGroup;
			children = (
				861E8E231F0A1A9C00CED419 /* AppDelegate.swift */,
				861E8E251F0A1A9C00CED419 /* ViewController.swift */,
				861E8E451F0A1D4400CED419 /* DemoController.swift */,
				861E8E431F0A1AC300CED419 /* Timer.swift */,
				861E8E271F0A1A9C00CED419 /* Main.storyboard */,
				861E8E2A1F0A1A9C00CED419 /* Assets.xcassets */,
				861E8E2C1F0A1A9C00CED419 /* LaunchScreen.storyboard */,
				861E8E2F1F0A1A9C00CED419 /* Info.plist */,
			);
			path = Timer;
			sourceTree = "<group>";
		};
		861E8E371F0A1A9C00CED419 /* TimerTests */ = {
			isa = PBXGroup;
			children = (
				861E8E381F0A1A9C00CED419 /* TimerTests.swift */,
				861E8E3A1F0A1A9C00CED419 /* Info.plist */,
			);
			path = TimerTests;
			sourceTree = "<group>";
		};
/* End PBXGroup section */

/* Begin PBXNativeTarget section */
		861E8E1F1F0A1A9C00CED419 /* Timer */ = {
			isa = PBXNativeTarget;
			buildConfigurationList = 861E8E3D1F0A1A9C00CED419 /* Build configuration list for PBXNativeTarget "Timer" */;
			buildPhases = (
				861E8E1C1F0A1A9C00CED419 /* Sources */,
				861E8E1D1F0A1A9C00CED419 /* Frameworks */,
				861E8E1E1F0A1A9C00CED419 /* Resources */,
			);
			buildRules = (
			);
			dependencies = (
			);
			name = Timer;
			productName = Timer;
			productReference = 861E8E201F0A1A9C00CED419 /* Timer.app */;
			productType = "com.apple.product-type.application";
		};
		861E8E331F0A1A9C00CED419 /* TimerTests */ = {
			isa = PBXNativeTarget;
			buildConfigurationList = 861E8E401F0A1A9C00CED419 /* Build configuration list for PBXNativeTarget "TimerTests" */;
			buildPhases = (
				861E8E301F0A1A9C00CED419 /* Sources */,
				861E8E311F0A1A9C00CED419 /* Frameworks */,
				861E8E321F0A1A9C00CED419 /* Resources */,
			);
			buildRules = (
			);
			dependencies = (
				861E8E361F0A1A9C00CED419 /* PBXTargetDependency */,
			);
			name = TimerTests;
			productName = TimerTests;
			productReference = 861E8E341F0A1A9C00CED419 /* TimerTests.xctest */;
			productType = "com.apple.product-type.bundle.unit-test";
		};
/* End PBXNativeTarget section */

/* Begin PBXProject section */
		861E8E181F0A1A9C00CED419 /* Project object */ = {
			isa = PBXProject;
			attributes = {
				LastSwiftUpdateCheck = 0830;
				LastUpgradeCheck = 0830;
				ORGANIZATIONNAME = "qi chao";
				TargetAttributes = {
					861E8E1F1F0A1A9C00CED419 = {
						CreatedOnToolsVersion = 8.3.3;
						ProvisioningStyle = Automatic;
					};
					861E8E331F0A1A9C00CED419 = {
						CreatedOnToolsVersion = 8.3.3;
						ProvisioningStyle = Automatic;
						TestTargetID = 861E8E1F1F0A1A9C00CED419;
					};
				};
			};
			buildConfigurationList = 861E8E1B1F0A1A9C00CED419 /* Build configuration list for PBXProject "Timer" */;
			compatibilityVersion = "Xcode 3.2";
			developmentRegion = English;
			hasScannedForEncodings = 0;
			knownRegions = (
				en,
				Base,
			);
			mainGroup = 861E8E171F0A1A9C00CED419;
			productRefGroup = 861E8E211F0A1A9C00CED419 /* Products */;
			projectDirPath = "";
			projectRoot = "";
			targets = (
				861E8E1F1F0A1A9C00CED419 /* Timer */,
				861E8E331F0A1A9C00CED419 /* TimerTests */,
			);
		};
/* End PBXProject section */

/* Begin PBXResourcesBuildPhase section */
		861E8E1E1F0A1A9C00CED419 /* Resources */ = {
			isa = PBXResourcesBuildPhase;
			buildActionMask = 2147483647;
			files = (
				861E8E2E1F0A1A9C00CED419 /* LaunchScreen.storyboard in Resources */,
				861E8E2B1F0A1A9C00CED419 /* Assets.xcassets in Resources */,
				861E8E291F0A1A9C00CED419 /* Main.storyboard in Resources */,
			);
			runOnlyForDeploymentPostprocessing = 0;
		};
		861E8E321F0A1A9C00CED419 /* Resources */ = {
			isa = PBXResourcesBuildPhase;
			buildActionMask = 2147483647;
			files = (
			);
			runOnlyForDeploymentPostprocessing = 0;
		};
/* End PBXResourcesBuildPhase section */

/* Begin PBXSourcesBuildPhase section */
		861E8E1C1F0A1A9C00CED419 /* Sources */ = {
			isa = PBXSourcesBuildPhase;
			buildActionMask = 2147483647;
			files = (
				861E8E461F0A1D4400CED419 /* DemoController.swift in Sources */,
				861E8E441F0A1AC300CED419 /* Timer.swift in Sources */,
				861E8E261F0A1A9C00CED419 /* ViewController.swift in Sources */,
				861E8E241F0A1A9C00CED419 /* AppDelegate.swift in Sources */,
			);
			runOnlyForDeploymentPostprocessing = 0;
		};
		861E8E301F0A1A9C00CED419 /* Sources */ = {
			isa = PBXSourcesBuildPhase;
			buildActionMask = 2147483647;
			files = (
				861E8E391F0A1A9C00CED419 /* TimerTests.swift in Sources */,
			);
			runOnlyForDeploymentPostprocessing = 0;
		};
/* End PBXSourcesBuildPhase section */

/* Begin PBXTargetDependency section */
		861E8E361F0A1A9C00CED419 /* PBXTargetDependency */ = {
			isa = PBXTargetDependency;
			target = 861E8E1F1F0A1A9C00CED419 /* Timer */;
			targetProxy = 861E8E351F0A1A9C00CED419 /* PBXContainerItemProxy */;
		};
/* End PBXTargetDependency section */

/* Begin PBXVariantGroup section */
		861E8E271F0A1A9C00CED419 /* Main.storyboard */ = {
			isa = PBXVariantGroup;
			children = (
				861E8E281F0A1A9C00CED419 /* Base */,
			);
			name = Main.storyboard;
			sourceTree = "<group>";
		};
		861E8E2C1F0A1A9C00CED419 /* LaunchScreen.storyboard */ = {
			isa = PBXVariantGroup;
			children = (
				861E8E2D1F0A1A9C00CED419 /* Base */,
			);
			name = LaunchScreen.storyboard;
			sourceTree = "<group>";
		};
/* End PBXVariantGroup section */

/* Begin XCBuildConfiguration section */
		861E8E3B1F0A1A9C00CED419 /* Debug */ = {
			isa = XCBuildConfiguration;
			buildSettings = {
				ALWAYS_SEARCH_USER_PATHS = NO;
				CLANG_ANALYZER_NONNULL = YES;
				CLANG_ANALYZER_NUMBER_OBJECT_CONVERSION = YES_AGGRESSIVE;
				CLANG_CXX_LANGUAGE_STANDARD = "gnu++0x";
				CLANG_CXX_LIBRARY = "libc++";
				CLANG_ENABLE_MODULES = YES;
				CLANG_ENABLE_OBJC_ARC = YES;
				CLANG_WARN_BOOL_CONVERSION = YES;
				CLANG_WARN_CONSTANT_CONVERSION = YES;
				CLANG_WARN_DIRECT_OBJC_ISA_USAGE = YES_ERROR;
				CLANG_WARN_DOCUMENTATION_COMMENTS = YES;
				CLANG_WARN_EMPTY_BODY = YES;
				CLANG_WARN_ENUM_CONVERSION = YES;
				CLANG_WARN_INFINITE_RECURSION = YES;
				CLANG_WARN_INT_CONVERSION = YES;
				CLANG_WARN_OBJC_ROOT_CLASS = YES_ERROR;
				CLANG_WARN_SUSPICIOUS_MOVE = YES;
				CLANG_WARN_UNREACHABLE_CODE = YES;
				CLANG_WARN__DUPLICATE_METHOD_MATCH = YES;
				"CODE_SIGN_IDENTITY[sdk=iphoneos*]" = "iPhone Developer";
				COPY_PHASE_STRIP = NO;
				DEBUG_INFORMATION_FORMAT = dwarf;
				ENABLE_STRICT_OBJC_MSGSEND = YES;
				ENABLE_TESTABILITY = YES;
				GCC_C_LANGUAGE_STANDARD = gnu99;
				GCC_DYNAMIC_NO_PIC = NO;
				GCC_NO_COMMON_BLOCKS = YES;
				GCC_OPTIMIZATION_LEVEL = 0;
				GCC_PREPROCESSOR_DEFINITIONS = (
					"DEBUG=1",
					"$(inherited)",
				);
				GCC_WARN_64_TO_32_BIT_CONVERSION = YES;
				GCC_WARN_ABOUT_RETURN_TYPE = YES_ERROR;
				GCC_WARN_UNDECLARED_SELECTOR = YES;
				GCC_WARN_UNINITIALIZED_AUTOS = YES_AGGRESSIVE;
				GCC_WARN_UNUSED_FUNCTION = YES;
				GCC_WARN_UNUSED_VARIABLE = YES;
				IPHONEOS_DEPLOYMENT_TARGET = 10.3;
				MTL_ENABLE_DEBUG_INFO = YES;
				ONLY_ACTIVE_ARCH = YES;
				SDKROOT = iphoneos;
				SWIFT_ACTIVE_COMPILATION_CONDITIONS = DEBUG;
				SWIFT_OPTIMIZATION_LEVEL = "-Onone";
			};
			name = Debug;
		};
		861E8E3C1F0A1A9C00CED419 /* Release */ = {
			isa = XCBuildConfiguration;
			buildSettings = {
				ALWAYS_SEARCH_USER_PATHS = NO;
				CLANG_ANALYZER_NONNULL = YES;
				CLANG_ANALYZER_NUMBER_OBJECT_CONVERSION = YES_AGGRESSIVE;
				CLANG_CXX_LANGUAGE_STANDARD = "gnu++0x";
				CLANG_CXX_LIBRARY = "libc++";
				CLANG_ENABLE_MODULES = YES;
				CLANG_ENABLE_OBJC_ARC = YES;
				CLANG_WARN_BOOL_CONVERSION = YES;
				CLANG_WARN_CONSTANT_CONVERSION = YES;
				CLANG_WARN_DIRECT_OBJC_ISA_USAGE = YES_ERROR;
				CLANG_WARN_DOCUMENTATION_COMMENTS = YES;
				CLANG_WARN_EMPTY_BODY = YES;
				CLANG_WARN_ENUM_CONVERSION = YES;
				CLANG_WARN_INFINITE_RECURSION = YES;
				CLANG_WARN_INT_CONVERSION = YES;
				CLANG_WARN_OBJC_ROOT_CLASS = YES_ERROR;
				CLANG_WARN_SUSPICIOUS_MOVE = YES;
				CLANG_WARN_UNREACHABLE_CODE = YES;
				CLANG_WARN__DUPLICATE_METHOD_MATCH = YES;
				"CODE_SIGN_IDENTITY[sdk=iphoneos*]" = "iPhone Developer";
				COPY_PHASE_STRIP = NO;
				DEBUG_INFORMATION_FORMAT = "dwarf-with-dsym";
				ENABLE_NS_ASSERTIONS = NO;
				ENABLE_STRICT_OBJC_MSGSEND = YES;
				GCC_C_LANGUAGE_STANDARD = gnu99;
				GCC_NO_COMMON_BLOCKS = YES;
				GCC_WARN_64_TO_32_BIT_CONVERSION = YES;
				GCC_WARN_ABOUT_RETURN_TYPE = YES_ERROR;
				GCC_WARN_UNDECLARED_SELECTOR = YES;
				GCC_WARN_UNINITIALIZED_AUTOS = YES_AGGRESSIVE;
				GCC_WARN_UNUSED_FUNCTION = YES;
				GCC_WARN_UNUSED_VARIABLE = YES;
				IPHONEOS_DEPLOYMENT_TARGET = 10.3;
				MTL_ENABLE_DEBUG_INFO = NO;
				SDKROOT = iphoneos;
				SWIFT_OPTIMIZATION_LEVEL = "-Owholemodule";
				VALIDATE_PRODUCT = YES;
			};
			name = Release;
		};
		861E8E3E1F0A1A9C00CED419 /* Debug */ = {
			isa = XCBuildConfiguration;
			buildSettings = {
				ASSETCATALOG_COMPILER_APPICON_NAME = AppIcon;
				INFOPLIST_FILE = Timer/Info.plist;
				LD_RUNPATH_SEARCH_PATHS = "$(inherited) @executable_path/Frameworks";
				PRODUCT_BUNDLE_IDENTIFIER = qc.Timer;
				PRODUCT_NAME = "$(TARGET_NAME)";
				SWIFT_VERSION = 3.0;
			};
			name = Debug;
		};
		861E8E3F1F0A1A9C00CED419 /* Release */ = {
			isa = XCBuildConfiguration;
			buildSettings = {
				ASSETCATALOG_COMPILER_APPICON_NAME = AppIcon;
				INFOPLIST_FILE = Timer/Info.plist;
				LD_RUNPATH_SEARCH_PATHS = "$(inherited) @executable_path/Frameworks";
				PRODUCT_BUNDLE_IDENTIFIER = qc.Timer;
				PRODUCT_NAME = "$(TARGET_NAME)";
				SWIFT_VERSION = 3.0;
			};
			name = Release;
		};
		861E8E411F0A1A9C00CED419 /* Debug */ = {
			isa = XCBuildConfiguration;
			buildSettings = {
				ALWAYS_EMBED_SWIFT_STANDARD_LIBRARIES = YES;
				BUNDLE_LOADER = "$(TEST_HOST)";
				INFOPLIST_FILE = TimerTests/Info.plist;
				LD_RUNPATH_SEARCH_PATHS = "$(inherited) @executable_path/Frameworks @loader_path/Frameworks";
				PRODUCT_BUNDLE_IDENTIFIER = qc.TimerTests;
				PRODUCT_NAME = "$(TARGET_NAME)";
				SWIFT_VERSION = 3.0;
				TEST_HOST = "$(BUILT_PRODUCTS_DIR)/Timer.app/Timer";
			};
			name = Debug;
		};
		861E8E421F0A1A9C00CED419 /* Release */ = {
			isa = XCBuildConfiguration;
			buildSettings = {
				ALWAYS_EMBED_SWIFT_STANDARD_LIBRARIES = YES;
				BUNDLE_LOADER = "$(TEST_HOST)";
				INFOPLIST_FILE = TimerTests/Info.plist;
				LD_RUNPATH_SEARCH_PATHS = "$(inherited) @executable_path/Frameworks @loader_path/Frameworks";
				PRODUCT_BUNDLE_IDENTIFIER = qc.TimerTests;
				PRODUCT_NAME = "$(TARGET_NAME)";
				SWIFT_VERSION = 3.0;
				TEST_HOST = "$(BUILT_PRODUCTS_DIR)/Timer.app/Timer";
			};
			name = Release;
		};
/* End XCBuildConfiguration section */

/* Begin XCConfigurationList section */
		861E8E1B1F0A1A9C00CED419 /* Build configuration list for PBXProject "Timer" */ = {
			isa = XCConfigurationList;
			buildConfigurations = (
				861E8E3B1F0A1A9C00CED419 /* Debug */,
				861E8E3C1F0A1A9C00CED419 /* Release */,
			);
			defaultConfigurationIsVisible = 0;
			defaultConfigurationName = Release;
		};
		861E8E3D1F0A1A9C00CED419 /* Build configuration list for PBXNativeTarget "Timer" */ = {
			isa = XCConfigurationList;
			buildConfigurations = (
				861E8E3E1F0A1A9C00CED419 /* Debug */,
				861E8E3F1F0A1A9C00CED419 /* Release */,
			);
			defaultConfigurationIsVisible = 0;
		};
		861E8E401F0A1A9C00CED419 /* Build configuration list for PBXNativeTarget "TimerTests" */ = {
			isa = XCConfigurationList;
			buildConfigurations = (
				861E8E411F0A1A9C00CED419 /* Debug */,
				861E8E421F0A1A9C00CED419 /* Release */,
			);
			defaultConfigurationIsVisible = 0;
		};
/* End XCConfigurationList section */
	};
	rootObject = 861E8E181F0A1A9C00CED419 /* Project object */;
}
